Microsoft Visual Studio Solution File, Format Version 11.00
# Visual Studio 2008

Project("{8E4C78CC-346C-96DD-47C2-D1698BE10A09}") = "ProjetoIntegrador6", "Assembly-CSharp.csproj", "{B211A1DD-68D8-2302-7010-94F8E0A85337}"
EndProject
Global
	GlobalSection(SolutionConfigurationPlatforms) = preSolution
		Debug|Any CPU = Debug|Any CPU
		Release|Any CPU = Release|Any CPU
	EndGlobalSection
	GlobalSection(ProjectConfigurationPlatforms) = postSolution
		{B211A1DD-68D8-2302-7010-94F8E0A85337}.Debug|Any CPU.ActiveCfg = Debug|Any CPU
		{B211A1DD-68D8-2302-7010-94F8E0A85337}.Debug|Any CPU.Build.0 = Debug|Any CPU
		{B211A1DD-68D8-2302-7010-94F8E0A85337}.Release|Any CPU.ActiveCfg = Release|Any CPU
		{B211A1DD-68D8-2302-7010-94F8E0A85337}.Release|Any CPU.Build.0 = Release|Any CPU
	EndGlobalSection
	GlobalSection(SolutionProperties) = preSolution
		HideSolutionNode = FALSE
	EndGlobalSection
	GlobalSection(MonoDevelopProperties) = preSolution
		StartupItem = Assembly-CSharp.csproj
	EndGlobalSection
EndGlobal
